
Microsoft Visual Studio Solution File, Format Version 12.00
# Visual Studio Version 16
VisualStudioVersion = 16.0.29926.136
MinimumVisualStudioVersion = 10.0.40219.1
Project("{9A19103F-16F7-4668-BE54-9A1E7A4F7556}") = "RDPStreaming.ServerApp", "RDPStreaming.ServerApp\RDPStreaming.ServerApp.csproj", "{B87C200D-29E9-4A16-9CC0-963B8F5A9332}"
EndProject
Project("{9A19103F-16F7-4668-BE54-9A1E7A4F7556}") = "RDPStreaming", "RDPStreaming\RDPStreaming.csproj", "{A65C29CA-0CA2-4D0C-BE3F-C66E9D00D70A}"
EndProject
Project("{9A19103F-16F7-4668-BE54-9A1E7A4F7556}") = "RDPStreaming.Viewer", "RDPStreaming.Viewer\RDPStreaming.Viewer.csproj", "{144FAFEF-64B6-48BD-A171-20A4D84D3160}"
EndProject
Project("{9A19103F-16F7-4668-BE54-9A1E7A4F7556}") = "RDPStreaming.Grpc", "RDPStreaming.Grpc\RDPStreaming.Grpc.csproj", "{EAA76241-9F72-4D94-A1D5-3C875C1C08FA}"
EndProject
Project("{FAE04EC0-301F-11D3-BF4B-00C04F79EFBC}") = "RDPStreaming.Streamer", "RDPStreaming.Streamer\RDPStreaming.Streamer.csproj", "{6278AD0D-3310-4308-9DFC-A07E0724CA7E}"
EndProject
Global
	GlobalSection(SolutionConfigurationPlatforms) = preSolution
		Debug|Any CPU = Debug|Any CPU
		Release|Any CPU = Release|Any CPU
	EndGlobalSection
	GlobalSection(ProjectConfigurationPlatforms) = postSolution
		{B87C200D-29E9-4A16-9CC0-963B8F5A9332}.Debug|Any CPU.ActiveCfg = Debug|Any CPU
		{B87C200D-29E9-4A16-9CC0-963B8F5A9332}.Debug|Any CPU.Build.0 = Debug|Any CPU
		{B87C200D-29E9-4A16-9CC0-963B8F5A9332}.Release|Any CPU.ActiveCfg = Release|Any CPU
		{B87C200D-29E9-4A16-9CC0-963B8F5A9332}.Release|Any CPU.Build.0 = Release|Any CPU
		{A65C29CA-0CA2-4D0C-BE3F-C66E9D00D70A}.Debug|Any CPU.ActiveCfg = Debug|Any CPU
		{A65C29CA-0CA2-4D0C-BE3F-C66E9D00D70A}.Debug|Any CPU.Build.0 = Debug|Any CPU
		{A65C29CA-0CA2-4D0C-BE3F-C66E9D00D70A}.Release|Any CPU.ActiveCfg = Release|Any CPU
		{A65C29CA-0CA2-4D0C-BE3F-C66E9D00D70A}.Release|Any CPU.Build.0 = Release|Any CPU
		{144FAFEF-64B6-48BD-A171-20A4D84D3160}.Debug|Any CPU.ActiveCfg = Debug|Any CPU
		{144FAFEF-64B6-48BD-A171-20A4D84D3160}.Debug|Any CPU.Build.0 = Debug|Any CPU
		{144FAFEF-64B6-48BD-A171-20A4D84D3160}.Release|Any CPU.ActiveCfg = Release|Any CPU
		{144FAFEF-64B6-48BD-A171-20A4D84D3160}.Release|Any CPU.Build.0 = Release|Any CPU
		{EAA76241-9F72-4D94-A1D5-3C875C1C08FA}.Debug|Any CPU.ActiveCfg = Debug|Any CPU
		{EAA76241-9F72-4D94-A1D5-3C875C1C08FA}.Debug|Any CPU.Build.0 = Debug|Any CPU
		{EAA76241-9F72-4D94-A1D5-3C875C1C08FA}.Release|Any CPU.ActiveCfg = Release|Any CPU
		{EAA76241-9F72-4D94-A1D5-3C875C1C08FA}.Release|Any CPU.Build.0 = Release|Any CPU
		{6278AD0D-3310-4308-9DFC-A07E0724CA7E}.Debug|Any CPU.ActiveCfg = Debug|Any CPU
		{6278AD0D-3310-4308-9DFC-A07E0724CA7E}.Debug|Any CPU.Build.0 = Debug|Any CPU
		{6278AD0D-3310-4308-9DFC-A07E0724CA7E}.Release|Any CPU.ActiveCfg = Release|Any CPU
		{6278AD0D-3310-4308-9DFC-A07E0724CA7E}.Release|Any CPU.Build.0 = Release|Any CPU
	EndGlobalSection
	GlobalSection(SolutionProperties) = preSolution
		HideSolutionNode = FALSE
	EndGlobalSection
	GlobalSection(ExtensibilityGlobals) = postSolution
		SolutionGuid = {8128377D-61B1-48C8-9880-571B9F549490}
	EndGlobalSection
EndGlobal
